
Microsoft Visual Studio Solution File, Format Version 11.00
# Visual Studio 2010
Project("{FAE04EC0-301F-11D3-BF4B-00C04F79EFBC}") = "Assembly-CSharp-firstpass", "Assembly-CSharp-firstpass.csproj", "{3318bdbf-a436-2093-0993-4369ac722d16}"
EndProject
Project("{FAE04EC0-301F-11D3-BF4B-00C04F79EFBC}") = "Assembly-CSharp", "Assembly-CSharp.csproj", "{1d1d191f-ad87-5842-1de1-ac2f6b161f16}"
EndProject
Project("{FAE04EC0-301F-11D3-BF4B-00C04F79EFBC}") = "Assembly-CSharp-Editor-firstpass", "Assembly-CSharp-Editor-firstpass.csproj", "{97178d42-0b24-88f7-a63f-a9124ee55837}"
EndProject
Project("{FAE04EC0-301F-11D3-BF4B-00C04F79EFBC}") = "Assembly-CSharp-Editor", "Assembly-CSharp-Editor.csproj", "{ae30eafd-8ae2-d107-322d-58e124a83c67}"
EndProject
Global
	GlobalSection(SolutionConfigurationPlatforms) = preSolution
		Debug|Any CPU = Debug|Any CPU
	EndGlobalSection
	GlobalSection(ProjectConfigurationPlatforms) = postSolution
		{3318bdbf-a436-2093-0993-4369ac722d16}.Debug|Any CPU.ActiveCfg = Debug|Any CPU
		{3318bdbf-a436-2093-0993-4369ac722d16}.Debug|Any CPU.Build.0 = Debug|Any CPU
		{1d1d191f-ad87-5842-1de1-ac2f6b161f16}.Debug|Any CPU.ActiveCfg = Debug|Any CPU
		{1d1d191f-ad87-5842-1de1-ac2f6b161f16}.Debug|Any CPU.Build.0 = Debug|Any CPU
		{97178d42-0b24-88f7-a63f-a9124ee55837}.Debug|Any CPU.ActiveCfg = Debug|Any CPU
		{97178d42-0b24-88f7-a63f-a9124ee55837}.Debug|Any CPU.Build.0 = Debug|Any CPU
		{ae30eafd-8ae2-d107-322d-58e124a83c67}.Debug|Any CPU.ActiveCfg = Debug|Any CPU
		{ae30eafd-8ae2-d107-322d-58e124a83c67}.Debug|Any CPU.Build.0 = Debug|Any CPU
	EndGlobalSection
	GlobalSection(SolutionProperties) = preSolution
		HideSolutionNode = FALSE
	EndGlobalSection
EndGlobal
